Microsoft Visual Studio Solution File, Format Version 12.00
# Visual Studio Version 17
VisualStudioVersion = 17.5.2.0
MinimumVisualStudioVersion = 10.0.40219.1
Project("{2150E333-8FDC-42A3-9474-1A3956D46DE8}") = "src", "src", "{827E0CD3-B72D-47B6-A68D-7590B98EB39B}"
EndProject
Project("{2150E333-8FDC-42A3-9474-1A3956D46DE8}") = "desktop", "desktop", "{2951E765-5F77-95BA-3D85-F41283DA5914}"
EndProject
Project("{FAE04EC0-301F-11D3-BF4B-00C04F79EFBC}") = "Desktop.App", "src\desktop\Desktop.App\Desktop.App.csproj", "{86ADAF64-7273-F7C3-BC9E-87D6F933CAA5}"
EndProject
Global
	GlobalSection(SolutionConfigurationPlatforms) = preSolution
		Debug|Any CPU = Debug|Any CPU
		Release|Any CPU = Release|Any CPU
	EndGlobalSection
	GlobalSection(ProjectConfigurationPlatforms) = postSolution
		{86ADAF64-7273-F7C3-BC9E-87D6F933CAA5}.Debug|Any CPU.ActiveCfg = Debug|Any CPU
		{86ADAF64-7273-F7C3-BC9E-87D6F933CAA5}.Debug|Any CPU.Build.0 = Debug|Any CPU
		{86ADAF64-7273-F7C3-BC9E-87D6F933CAA5}.Release|Any CPU.ActiveCfg = Release|Any CPU
		{86ADAF64-7273-F7C3-BC9E-87D6F933CAA5}.Release|Any CPU.Build.0 = Release|Any CPU
	EndGlobalSection
	GlobalSection(SolutionProperties) = preSolution
		HideSolutionNode = FALSE
	EndGlobalSection
	GlobalSection(NestedProjects) = preSolution
		{2951E765-5F77-95BA-3D85-F41283DA5914} = {827E0CD3-B72D-47B6-A68D-7590B98EB39B}
		{86ADAF64-7273-F7C3-BC9E-87D6F933CAA5} = {2951E765-5F77-95BA-3D85-F41283DA5914}
	EndGlobalSection
	GlobalSection(ExtensibilityGlobals) = postSolution
		SolutionGuid = {32EB4FA4-057D-4361-B64A-23D3DFAE3015}
	EndGlobalSection
EndGlobal
